
Microsoft Visual Studio Solution File, Format Version 12.00
# Visual Studio Version 16
VisualStudioVersion = 16.0.31727.386
MinimumVisualStudioVersion = 10.0.40219.1
Project("{FAE04EC0-301F-11D3-BF4B-00C04F79EFBC}") = "housecleaning4Api", "housecleaning4Api\housecleaning4Api.csproj", "{C01362DB-F0B5-4E1B-8F98-B471F30619B4}"
EndProject
Project("{FAE04EC0-301F-11D3-BF4B-00C04F79EFBC}") = "housecleaning4Mvc", "housecleaning4Mvc\housecleaning4Mvc.csproj", "{7D7A4523-2106-4219-A304-AA08456128AA}"
EndProject
Global
	GlobalSection(SolutionConfigurationPlatforms) = preSolution
		Debug|Any CPU = Debug|Any CPU
		Release|Any CPU = Release|Any CPU
	EndGlobalSection
	GlobalSection(ProjectConfigurationPlatforms) = postSolution
		{C01362DB-F0B5-4E1B-8F98-B471F30619B4}.Debug|Any CPU.ActiveCfg = Debug|Any CPU
		{C01362DB-F0B5-4E1B-8F98-B471F30619B4}.Debug|Any CPU.Build.0 = Debug|Any CPU
		{C01362DB-F0B5-4E1B-8F98-B471F30619B4}.Release|Any CPU.ActiveCfg = Release|Any CPU
		{C01362DB-F0B5-4E1B-8F98-B471F30619B4}.Release|Any CPU.Build.0 = Release|Any CPU
		{7D7A4523-2106-4219-A304-AA08456128AA}.Debug|Any CPU.ActiveCfg = Debug|Any CPU
		{7D7A4523-2106-4219-A304-AA08456128AA}.Debug|Any CPU.Build.0 = Debug|Any CPU
		{7D7A4523-2106-4219-A304-AA08456128AA}.Release|Any CPU.ActiveCfg = Release|Any CPU
		{7D7A4523-2106-4219-A304-AA08456128AA}.Release|Any CPU.Build.0 = Release|Any CPU
	EndGlobalSection
	GlobalSection(SolutionProperties) = preSolution
		HideSolutionNode = FALSE
	EndGlobalSection
	GlobalSection(ExtensibilityGlobals) = postSolution
		SolutionGuid = {A3CAE353-31EC-418D-A9E0-232892D26EC9}
	EndGlobalSection
EndGlobal
