
Microsoft Visual Studio Solution File, Format Version 12.00
# Visual Studio Version 16
VisualStudioVersion = 16.0.31727.386
MinimumVisualStudioVersion = 10.0.40219.1
Project("{FAE04EC0-301F-11D3-BF4B-00C04F79EFBC}") = "housecleaningApi", "housecleaningApi\housecleaningApi.csproj", "{206AB411-2341-4872-A3E7-61D9CF2DA155}"
EndProject
Project("{FAE04EC0-301F-11D3-BF4B-00C04F79EFBC}") = "housecleaningmvc", "housecleaningmvc\housecleaningmvc.csproj", "{ECF8D106-CF46-4671-BB2F-34AB0C9CDD0F}"
EndProject
Global
	GlobalSection(SolutionConfigurationPlatforms) = preSolution
		Debug|Any CPU = Debug|Any CPU
		Release|Any CPU = Release|Any CPU
	EndGlobalSection
	GlobalSection(ProjectConfigurationPlatforms) = postSolution
		{206AB411-2341-4872-A3E7-61D9CF2DA155}.Debug|Any CPU.ActiveCfg = Debug|Any CPU
		{206AB411-2341-4872-A3E7-61D9CF2DA155}.Debug|Any CPU.Build.0 = Debug|Any CPU
		{206AB411-2341-4872-A3E7-61D9CF2DA155}.Release|Any CPU.ActiveCfg = Release|Any CPU
		{206AB411-2341-4872-A3E7-61D9CF2DA155}.Release|Any CPU.Build.0 = Release|Any CPU
		{ECF8D106-CF46-4671-BB2F-34AB0C9CDD0F}.Debug|Any CPU.ActiveCfg = Debug|Any CPU
		{ECF8D106-CF46-4671-BB2F-34AB0C9CDD0F}.Debug|Any CPU.Build.0 = Debug|Any CPU
		{ECF8D106-CF46-4671-BB2F-34AB0C9CDD0F}.Release|Any CPU.ActiveCfg = Release|Any CPU
		{ECF8D106-CF46-4671-BB2F-34AB0C9CDD0F}.Release|Any CPU.Build.0 = Release|Any CPU
	EndGlobalSection
	GlobalSection(SolutionProperties) = preSolution
		HideSolutionNode = FALSE
	EndGlobalSection
	GlobalSection(ExtensibilityGlobals) = postSolution
		SolutionGuid = {8E51F40B-9D03-486A-8B9F-5622FCD8A6EE}
	EndGlobalSection
EndGlobal
